
Microsoft Visual Studio Solution File, Format Version 12.00
# Visual Studio Version 17
VisualStudioVersion = 17.4.33213.308
MinimumVisualStudioVersion = 10.0.40219.1
Project("{9A19103F-16F7-4668-BE54-9A1E7A4F7556}") = "Livro de Receita", "Livro de Receita\Livro de Receita.csproj", "{347A8F35-65D4-4D27-B46A-7563CEE2F7A6}"
EndProject
Project("{9A19103F-16F7-4668-BE54-9A1E7A4F7556}") = "WebAPI", "WebAPI\WebAPI.csproj", "{2A8BC489-51C3-4EB6-BF40-CA1018033FE7}"
EndProject
Project("{9A19103F-16F7-4668-BE54-9A1E7A4F7556}") = "RecipeBook.WebApp", "RecipeBook.WebApp\RecipeBook.WebApp.csproj", "{FF585FCA-C9ED-4992-BA03-642C3A229258}"
EndProject
Global
	GlobalSection(SolutionConfigurationPlatforms) = preSolution
		Debug|Any CPU = Debug|Any CPU
		Release|Any CPU = Release|Any CPU
	EndGlobalSection
	GlobalSection(ProjectConfigurationPlatforms) = postSolution
		{347A8F35-65D4-4D27-B46A-7563CEE2F7A6}.Debug|Any CPU.ActiveCfg = Debug|Any CPU
		{347A8F35-65D4-4D27-B46A-7563CEE2F7A6}.Debug|Any CPU.Build.0 = Debug|Any CPU
		{347A8F35-65D4-4D27-B46A-7563CEE2F7A6}.Release|Any CPU.ActiveCfg = Release|Any CPU
		{347A8F35-65D4-4D27-B46A-7563CEE2F7A6}.Release|Any CPU.Build.0 = Release|Any CPU
		{2A8BC489-51C3-4EB6-BF40-CA1018033FE7}.Debug|Any CPU.ActiveCfg = Debug|Any CPU
		{2A8BC489-51C3-4EB6-BF40-CA1018033FE7}.Debug|Any CPU.Build.0 = Debug|Any CPU
		{2A8BC489-51C3-4EB6-BF40-CA1018033FE7}.Release|Any CPU.ActiveCfg = Release|Any CPU
		{2A8BC489-51C3-4EB6-BF40-CA1018033FE7}.Release|Any CPU.Build.0 = Release|Any CPU
		{FF585FCA-C9ED-4992-BA03-642C3A229258}.Debug|Any CPU.ActiveCfg = Debug|Any CPU
		{FF585FCA-C9ED-4992-BA03-642C3A229258}.Debug|Any CPU.Build.0 = Debug|Any CPU
		{FF585FCA-C9ED-4992-BA03-642C3A229258}.Release|Any CPU.ActiveCfg = Release|Any CPU
		{FF585FCA-C9ED-4992-BA03-642C3A229258}.Release|Any CPU.Build.0 = Release|Any CPU
	EndGlobalSection
	GlobalSection(SolutionProperties) = preSolution
		HideSolutionNode = FALSE
	EndGlobalSection
	GlobalSection(ExtensibilityGlobals) = postSolution
		SolutionGuid = {AB505CCD-0A20-4239-9086-BE302D069B96}
	EndGlobalSection
EndGlobal
